
Microsoft Visual Studio Solution File, Format Version 12.00
# Visual Studio Version 17
VisualStudioVersion = 17.11.35327.3
MinimumVisualStudioVersion = 10.0.40219.1
Project("{54A90642-561A-4BB1-A94E-469ADEE60C69}") = "JavaScriptExpressProject", "JavaScriptExpressProject\JavaScriptExpressProject.esproj", "{C61004FE-2CCF-4E8C-B067-39B2E1E3BF6A}"
EndProject
Global
	GlobalSection(SolutionConfigurationPlatforms) = preSolution
		Debug|Any CPU = Debug|Any CPU
		Release|Any CPU = Release|Any CPU
	EndGlobalSection
	GlobalSection(ProjectConfigurationPlatforms) = postSolution
		{C61004FE-2CCF-4E8C-B067-39B2E1E3BF6A}.Debug|Any CPU.ActiveCfg = Debug|Any CPU
		{C61004FE-2CCF-4E8C-B067-39B2E1E3BF6A}.Debug|Any CPU.Build.0 = Debug|Any CPU
		{C61004FE-2CCF-4E8C-B067-39B2E1E3BF6A}.Debug|Any CPU.Deploy.0 = Debug|Any CPU
		{C61004FE-2CCF-4E8C-B067-39B2E1E3BF6A}.Release|Any CPU.ActiveCfg = Release|Any CPU
		{C61004FE-2CCF-4E8C-B067-39B2E1E3BF6A}.Release|Any CPU.Build.0 = Release|Any CPU
		{C61004FE-2CCF-4E8C-B067-39B2E1E3BF6A}.Release|Any CPU.Deploy.0 = Release|Any CPU
	EndGlobalSection
	GlobalSection(SolutionProperties) = preSolution
		HideSolutionNode = FALSE
	EndGlobalSection
	GlobalSection(ExtensibilityGlobals) = postSolution
		SolutionGuid = {2B7552CC-B5F8-4E16-A5C7-15AEE2FF0965}
	EndGlobalSection
EndGlobal
